
Microsoft Visual Studio Solution File, Format Version 12.00
# Visual Studio 15
VisualStudioVersion = 15.0.26403.7
MinimumVisualStudioVersion = 10.0.40219.1
Project("{9A19103F-16F7-4668-BE54-9A1E7A4F7556}") = "hostinpanda.web", "hostinpanda.web\hostinpanda.web.csproj", "{6C76237C-0089-4C4F-A5FD-E15C275786B7}"
EndProject
Project("{D954291E-2A0B-460D-934E-DC6B0785DB48}") = "hostinpanda.mobile", "hostinpanda.mobile\hostinpanda.mobile.shproj", "{744C4A2F-8323-45F9-9718-BA3147A9F831}"
EndProject
Project("{FAE04EC0-301F-11D3-BF4B-00C04F79EFBC}") = "hostinpanda.mobile.android", "hostinpanda.mobile.Android\hostinpanda.mobile.android.csproj", "{9D017F58-14CB-4FFD-BD99-7D2FBF300678}"
EndProject
Project("{FAE04EC0-301F-11D3-BF4B-00C04F79EFBC}") = "hostinpanda.mobile.ios", "hostinpanda.mobile.iOS\hostinpanda.mobile.ios.csproj", "{1B7EF992-0BCE-47D7-B76B-649005260153}"
EndProject
Project("{FAE04EC0-301F-11D3-BF4B-00C04F79EFBC}") = "hostinpanda.mobile.uwp", "hostinpanda.mobile.UWP\hostinpanda.mobile.uwp.csproj", "{3D24232C-9E21-47FA-8717-02216B222D71}"
EndProject
Project("{FAE04EC0-301F-11D3-BF4B-00C04F79EFBC}") = "hostinpanda.api", "hostinpanda.api\hostinpanda.api.csproj", "{2C371F8A-CE49-42D3-9C37-5EAE5DFCF680}"
EndProject
Global
	GlobalSection(SharedMSBuildProjectFiles) = preSolution
		hostinpanda.mobile\hostinpanda.mobile.projitems*{744c4a2f-8323-45f9-9718-ba3147a9f831}*SharedItemsImports = 13
	EndGlobalSection
	GlobalSection(SolutionConfigurationPlatforms) = preSolution
		Debug|Any CPU = Debug|Any CPU
		Debug|ARM = Debug|ARM
		Debug|iPhone = Debug|iPhone
		Debug|iPhoneSimulator = Debug|iPhoneSimulator
		Debug|x64 = Debug|x64
		Debug|x86 = Debug|x86
		Release|Any CPU = Release|Any CPU
		Release|ARM = Release|ARM
		Release|iPhone = Release|iPhone
		Release|iPhoneSimulator = Release|iPhoneSimulator
		Release|x64 = Release|x64
		Release|x86 = Release|x86
	EndGlobalSection
	GlobalSection(ProjectConfigurationPlatforms) = postSolution
		{6C76237C-0089-4C4F-A5FD-E15C275786B7}.Debug|Any CPU.ActiveCfg = Debug|Any CPU
		{6C76237C-0089-4C4F-A5FD-E15C275786B7}.Debug|Any CPU.Build.0 = Debug|Any CPU
		{6C76237C-0089-4C4F-A5FD-E15C275786B7}.Debug|ARM.ActiveCfg = Debug|Any CPU
		{6C76237C-0089-4C4F-A5FD-E15C275786B7}.Debug|ARM.Build.0 = Debug|Any CPU
		{6C76237C-0089-4C4F-A5FD-E15C275786B7}.Debug|iPhone.ActiveCfg = Debug|Any CPU
		{6C76237C-0089-4C4F-A5FD-E15C275786B7}.Debug|iPhone.Build.0 = Debug|Any CPU
		{6C76237C-0089-4C4F-A5FD-E15C275786B7}.Debug|iPhoneSimulator.ActiveCfg = Debug|Any CPU
		{6C76237C-0089-4C4F-A5FD-E15C275786B7}.Debug|iPhoneSimulator.Build.0 = Debug|Any CPU
		{6C76237C-0089-4C4F-A5FD-E15C275786B7}.Debug|x64.ActiveCfg = Debug|Any CPU
		{6C76237C-0089-4C4F-A5FD-E15C275786B7}.Debug|x64.Build.0 = Debug|Any CPU
		{6C76237C-0089-4C4F-A5FD-E15C275786B7}.Debug|x86.ActiveCfg = Debug|Any CPU
		{6C76237C-0089-4C4F-A5FD-E15C275786B7}.Debug|x86.Build.0 = Debug|Any CPU
		{6C76237C-0089-4C4F-A5FD-E15C275786B7}.Release|Any CPU.ActiveCfg = Release|Any CPU
		{6C76237C-0089-4C4F-A5FD-E15C275786B7}.Release|Any CPU.Build.0 = Release|Any CPU
		{6C76237C-0089-4C4F-A5FD-E15C275786B7}.Release|ARM.ActiveCfg = Release|Any CPU
		{6C76237C-0089-4C4F-A5FD-E15C275786B7}.Release|ARM.Build.0 = Release|Any CPU
		{6C76237C-0089-4C4F-A5FD-E15C275786B7}.Release|iPhone.ActiveCfg = Release|Any CPU
		{6C76237C-0089-4C4F-A5FD-E15C275786B7}.Release|iPhone.Build.0 = Release|Any CPU
		{6C76237C-0089-4C4F-A5FD-E15C275786B7}.Release|iPhoneSimulator.ActiveCfg = Release|Any CPU
		{6C76237C-0089-4C4F-A5FD-E15C275786B7}.Release|iPhoneSimulator.Build.0 = Release|Any CPU
		{6C76237C-0089-4C4F-A5FD-E15C275786B7}.Release|x64.ActiveCfg = Release|Any CPU
		{6C76237C-0089-4C4F-A5FD-E15C275786B7}.Release|x64.Build.0 = Release|Any CPU
		{6C76237C-0089-4C4F-A5FD-E15C275786B7}.Release|x86.ActiveCfg = Release|Any CPU
		{6C76237C-0089-4C4F-A5FD-E15C275786B7}.Release|x86.Build.0 = Release|Any CPU
		{9D017F58-14CB-4FFD-BD99-7D2FBF300678}.Debug|Any CPU.ActiveCfg = Debug|Any CPU
		{9D017F58-14CB-4FFD-BD99-7D2FBF300678}.Debug|Any CPU.Build.0 = Debug|Any CPU
		{9D017F58-14CB-4FFD-BD99-7D2FBF300678}.Debug|Any CPU.Deploy.0 = Debug|Any CPU
		{9D017F58-14CB-4FFD-BD99-7D2FBF300678}.Debug|ARM.ActiveCfg = Debug|Any CPU
		{9D017F58-14CB-4FFD-BD99-7D2FBF300678}.Debug|ARM.Build.0 = Debug|Any CPU
		{9D017F58-14CB-4FFD-BD99-7D2FBF300678}.Debug|ARM.Deploy.0 = Debug|Any CPU
		{9D017F58-14CB-4FFD-BD99-7D2FBF300678}.Debug|iPhone.ActiveCfg = Debug|Any CPU
		{9D017F58-14CB-4FFD-BD99-7D2FBF300678}.Debug|iPhone.Build.0 = Debug|Any CPU
		{9D017F58-14CB-4FFD-BD99-7D2FBF300678}.Debug|iPhone.Deploy.0 = Debug|Any CPU
		{9D017F58-14CB-4FFD-BD99-7D2FBF300678}.Debug|iPhoneSimulator.ActiveCfg = Debug|Any CPU
		{9D017F58-14CB-4FFD-BD99-7D2FBF300678}.Debug|iPhoneSimulator.Build.0 = Debug|Any CPU
		{9D017F58-14CB-4FFD-BD99-7D2FBF300678}.Debug|iPhoneSimulator.Deploy.0 = Debug|Any CPU
		{9D017F58-14CB-4FFD-BD99-7D2FBF300678}.Debug|x64.ActiveCfg = Debug|Any CPU
		{9D017F58-14CB-4FFD-BD99-7D2FBF300678}.Debug|x64.Build.0 = Debug|Any CPU
		{9D017F58-14CB-4FFD-BD99-7D2FBF300678}.Debug|x64.Deploy.0 = Debug|Any CPU
		{9D017F58-14CB-4FFD-BD99-7D2FBF300678}.Debug|x86.ActiveCfg = Debug|Any CPU
		{9D017F58-14CB-4FFD-BD99-7D2FBF300678}.Debug|x86.Build.0 = Debug|Any CPU
		{9D017F58-14CB-4FFD-BD99-7D2FBF300678}.Debug|x86.Deploy.0 = Debug|Any CPU
		{9D017F58-14CB-4FFD-BD99-7D2FBF300678}.Release|Any CPU.ActiveCfg = Release|Any CPU
		{9D017F58-14CB-4FFD-BD99-7D2FBF300678}.Release|Any CPU.Build.0 = Release|Any CPU
		{9D017F58-14CB-4FFD-BD99-7D2FBF300678}.Release|Any CPU.Deploy.0 = Release|Any CPU
		{9D017F58-14CB-4FFD-BD99-7D2FBF300678}.Release|ARM.ActiveCfg = Release|Any CPU
		{9D017F58-14CB-4FFD-BD99-7D2FBF300678}.Release|ARM.Build.0 = Release|Any CPU
		{9D017F58-14CB-4FFD-BD99-7D2FBF300678}.Release|ARM.Deploy.0 = Release|Any CPU
		{9D017F58-14CB-4FFD-BD99-7D2FBF300678}.Release|iPhone.ActiveCfg = Release|Any CPU
		{9D017F58-14CB-4FFD-BD99-7D2FBF300678}.Release|iPhone.Build.0 = Release|Any CPU
		{9D017F58-14CB-4FFD-BD99-7D2FBF300678}.Release|iPhone.Deploy.0 = Release|Any CPU
		{9D017F58-14CB-4FFD-BD99-7D2FBF300678}.Release|iPhoneSimulator.ActiveCfg = Release|Any CPU
		{9D017F58-14CB-4FFD-BD99-7D2FBF300678}.Release|iPhoneSimulator.Build.0 = Release|Any CPU
		{9D017F58-14CB-4FFD-BD99-7D2FBF300678}.Release|iPhoneSimulator.Deploy.0 = Release|Any CPU
		{9D017F58-14CB-4FFD-BD99-7D2FBF300678}.Release|x64.ActiveCfg = Release|Any CPU
		{9D017F58-14CB-4FFD-BD99-7D2FBF300678}.Release|x64.Build.0 = Release|Any CPU
		{9D017F58-14CB-4FFD-BD99-7D2FBF300678}.Release|x64.Deploy.0 = Release|Any CPU
		{9D017F58-14CB-4FFD-BD99-7D2FBF300678}.Release|x86.ActiveCfg = Release|Any CPU
		{9D017F58-14CB-4FFD-BD99-7D2FBF300678}.Release|x86.Build.0 = Release|Any CPU
		{9D017F58-14CB-4FFD-BD99-7D2FBF300678}.Release|x86.Deploy.0 = Release|Any CPU
		{1B7EF992-0BCE-47D7-B76B-649005260153}.Debug|Any CPU.ActiveCfg = Debug|iPhone
		{1B7EF992-0BCE-47D7-B76B-649005260153}.Debug|ARM.ActiveCfg = Debug|iPhone
		{1B7EF992-0BCE-47D7-B76B-649005260153}.Debug|iPhone.ActiveCfg = Debug|iPhone
		{1B7EF992-0BCE-47D7-B76B-649005260153}.Debug|iPhone.Build.0 = Debug|iPhone
		{1B7EF992-0BCE-47D7-B76B-649005260153}.Debug|iPhoneSimulator.ActiveCfg = Debug|iPhoneSimulator
		{1B7EF992-0BCE-47D7-B76B-649005260153}.Debug|iPhoneSimulator.Build.0 = Debug|iPhoneSimulator
		{1B7EF992-0BCE-47D7-B76B-649005260153}.Debug|x64.ActiveCfg = Debug|iPhone
		{1B7EF992-0BCE-47D7-B76B-649005260153}.Debug|x86.ActiveCfg = Debug|iPhone
		{1B7EF992-0BCE-47D7-B76B-649005260153}.Release|Any CPU.ActiveCfg = Release|iPhone
		{1B7EF992-0BCE-47D7-B76B-649005260153}.Release|ARM.ActiveCfg = Release|iPhone
		{1B7EF992-0BCE-47D7-B76B-649005260153}.Release|iPhone.ActiveCfg = Release|iPhone
		{1B7EF992-0BCE-47D7-B76B-649005260153}.Release|iPhone.Build.0 = Release|iPhone
		{1B7EF992-0BCE-47D7-B76B-649005260153}.Release|iPhoneSimulator.ActiveCfg = Release|iPhoneSimulator
		{1B7EF992-0BCE-47D7-B76B-649005260153}.Release|iPhoneSimulator.Build.0 = Release|iPhoneSimulator
		{1B7EF992-0BCE-47D7-B76B-649005260153}.Release|x64.ActiveCfg = Release|iPhone
		{1B7EF992-0BCE-47D7-B76B-649005260153}.Release|x86.ActiveCfg = Release|iPhone
		{3D24232C-9E21-47FA-8717-02216B222D71}.Debug|Any CPU.ActiveCfg = Debug|x86
		{3D24232C-9E21-47FA-8717-02216B222D71}.Debug|ARM.ActiveCfg = Debug|ARM
		{3D24232C-9E21-47FA-8717-02216B222D71}.Debug|ARM.Build.0 = Debug|ARM
		{3D24232C-9E21-47FA-8717-02216B222D71}.Debug|ARM.Deploy.0 = Debug|ARM
		{3D24232C-9E21-47FA-8717-02216B222D71}.Debug|iPhone.ActiveCfg = Debug|x86
		{3D24232C-9E21-47FA-8717-02216B222D71}.Debug|iPhoneSimulator.ActiveCfg = Debug|x86
		{3D24232C-9E21-47FA-8717-02216B222D71}.Debug|x64.ActiveCfg = Debug|x64
		{3D24232C-9E21-47FA-8717-02216B222D71}.Debug|x64.Build.0 = Debug|x64
		{3D24232C-9E21-47FA-8717-02216B222D71}.Debug|x64.Deploy.0 = Debug|x64
		{3D24232C-9E21-47FA-8717-02216B222D71}.Debug|x86.ActiveCfg = Debug|x86
		{3D24232C-9E21-47FA-8717-02216B222D71}.Debug|x86.Build.0 = Debug|x86
		{3D24232C-9E21-47FA-8717-02216B222D71}.Debug|x86.Deploy.0 = Debug|x86
		{3D24232C-9E21-47FA-8717-02216B222D71}.Release|Any CPU.ActiveCfg = Release|x86
		{3D24232C-9E21-47FA-8717-02216B222D71}.Release|ARM.ActiveCfg = Release|ARM
		{3D24232C-9E21-47FA-8717-02216B222D71}.Release|ARM.Build.0 = Release|ARM
		{3D24232C-9E21-47FA-8717-02216B222D71}.Release|ARM.Deploy.0 = Release|ARM
		{3D24232C-9E21-47FA-8717-02216B222D71}.Release|iPhone.ActiveCfg = Release|x86
		{3D24232C-9E21-47FA-8717-02216B222D71}.Release|iPhoneSimulator.ActiveCfg = Release|x86
		{3D24232C-9E21-47FA-8717-02216B222D71}.Release|x64.ActiveCfg = Release|x64
		{3D24232C-9E21-47FA-8717-02216B222D71}.Release|x64.Build.0 = Release|x64
		{3D24232C-9E21-47FA-8717-02216B222D71}.Release|x64.Deploy.0 = Release|x64
		{3D24232C-9E21-47FA-8717-02216B222D71}.Release|x86.ActiveCfg = Release|x86
		{3D24232C-9E21-47FA-8717-02216B222D71}.Release|x86.Build.0 = Release|x86
		{3D24232C-9E21-47FA-8717-02216B222D71}.Release|x86.Deploy.0 = Release|x86
		{2C371F8A-CE49-42D3-9C37-5EAE5DFCF680}.Debug|Any CPU.ActiveCfg = Debug|Any CPU
		{2C371F8A-CE49-42D3-9C37-5EAE5DFCF680}.Debug|Any CPU.Build.0 = Debug|Any CPU
		{2C371F8A-CE49-42D3-9C37-5EAE5DFCF680}.Debug|ARM.ActiveCfg = Debug|Any CPU
		{2C371F8A-CE49-42D3-9C37-5EAE5DFCF680}.Debug|ARM.Build.0 = Debug|Any CPU
		{2C371F8A-CE49-42D3-9C37-5EAE5DFCF680}.Debug|iPhone.ActiveCfg = Debug|Any CPU
		{2C371F8A-CE49-42D3-9C37-5EAE5DFCF680}.Debug|iPhone.Build.0 = Debug|Any CPU
		{2C371F8A-CE49-42D3-9C37-5EAE5DFCF680}.Debug|iPhoneSimulator.ActiveCfg = Debug|Any CPU
		{2C371F8A-CE49-42D3-9C37-5EAE5DFCF680}.Debug|iPhoneSimulator.Build.0 = Debug|Any CPU
		{2C371F8A-CE49-42D3-9C37-5EAE5DFCF680}.Debug|x64.ActiveCfg = Debug|Any CPU
		{2C371F8A-CE49-42D3-9C37-5EAE5DFCF680}.Debug|x64.Build.0 = Debug|Any CPU
		{2C371F8A-CE49-42D3-9C37-5EAE5DFCF680}.Debug|x86.ActiveCfg = Debug|Any CPU
		{2C371F8A-CE49-42D3-9C37-5EAE5DFCF680}.Debug|x86.Build.0 = Debug|Any CPU
		{2C371F8A-CE49-42D3-9C37-5EAE5DFCF680}.Release|Any CPU.ActiveCfg = Release|Any CPU
		{2C371F8A-CE49-42D3-9C37-5EAE5DFCF680}.Release|Any CPU.Build.0 = Release|Any CPU
		{2C371F8A-CE49-42D3-9C37-5EAE5DFCF680}.Release|ARM.ActiveCfg = Release|Any CPU
		{2C371F8A-CE49-42D3-9C37-5EAE5DFCF680}.Release|ARM.Build.0 = Release|Any CPU
		{2C371F8A-CE49-42D3-9C37-5EAE5DFCF680}.Release|iPhone.ActiveCfg = Release|Any CPU
		{2C371F8A-CE49-42D3-9C37-5EAE5DFCF680}.Release|iPhone.Build.0 = Release|Any CPU
		{2C371F8A-CE49-42D3-9C37-5EAE5DFCF680}.Release|iPhoneSimulator.ActiveCfg = Release|Any CPU
		{2C371F8A-CE49-42D3-9C37-5EAE5DFCF680}.Release|iPhoneSimulator.Build.0 = Release|Any CPU
		{2C371F8A-CE49-42D3-9C37-5EAE5DFCF680}.Release|x64.ActiveCfg = Release|Any CPU
		{2C371F8A-CE49-42D3-9C37-5EAE5DFCF680}.Release|x64.Build.0 = Release|Any CPU
		{2C371F8A-CE49-42D3-9C37-5EAE5DFCF680}.Release|x86.ActiveCfg = Release|Any CPU
		{2C371F8A-CE49-42D3-9C37-5EAE5DFCF680}.Release|x86.Build.0 = Release|Any CPU
	EndGlobalSection
	GlobalSection(SolutionProperties) = preSolution
		HideSolutionNode = FALSE
	EndGlobalSection
EndGlobal
